
Microsoft Visual Studio Solution File, Format Version 12.00
# Visual Studio Version 16
VisualStudioVersion = 16.0.31129.286
MinimumVisualStudioVersion = 10.0.40219.1
Project("{FAE04EC0-301F-11D3-BF4B-00C04F79EFBC}") = "WpfStudy", "WpfStudy\WpfStudy.csproj", "{774B69F7-B19E-421A-BF95-EA9AC97BDAAF}"
EndProject
Global
	GlobalSection(SolutionConfigurationPlatforms) = preSolution
		Debug|Any CPU = Debug|Any CPU
		Release|Any CPU = Release|Any CPU
	EndGlobalSection
	GlobalSection(ProjectConfigurationPlatforms) = postSolution
		{774B69F7-B19E-421A-BF95-EA9AC97BDAAF}.Debug|Any CPU.ActiveCfg = Debug|Any CPU
		{774B69F7-B19E-421A-BF95-EA9AC97BDAAF}.Debug|Any CPU.Build.0 = Debug|Any CPU
		{774B69F7-B19E-421A-BF95-EA9AC97BDAAF}.Release|Any CPU.ActiveCfg = Release|Any CPU
		{774B69F7-B19E-421A-BF95-EA9AC97BDAAF}.Release|Any CPU.Build.0 = Release|Any CPU
	EndGlobalSection
	GlobalSection(SolutionProperties) = preSolution
		HideSolutionNode = FALSE
	EndGlobalSection
	GlobalSection(ExtensibilityGlobals) = postSolution
		SolutionGuid = {51CA55A8-896F-41DE-84A3-4BBBAE4E7B68}
	EndGlobalSection
EndGlobal
